lockfileVersion: '9.0'

settings:
  autoInstallPeers: true
  excludeLinksFromLockfile: false

importers:

  .:
    dependencies:
      typescript:
        specifier: ^5
        version: 5.8.3
    devDependencies:
      '@biomejs/biome':
        specifier: ^2.0.0-beta.1
        version: 2.0.0-beta.1
      '@types/bun':
        specifier: latest
        version: 1.2.9

packages:

  '@biomejs/biome@2.0.0-beta.1':
    resolution: {integrity: sha512-MqRoy9CbTkrS45zW+S4u8p4kQUIFx0mGUWi789W1R3b1kXYIudEqsTKgXKtTGsI0kWOlvnjuKqwTrabjaGchhQ==}
    engines: {node: '>=14.21.3'}
    hasBin: true

  '@biomejs/cli-darwin-arm64@2.0.0-beta.1':
    resolution: {integrity: sha512-RaGmpNLl5NFooXaoCwvgvcuU6Am/rMZ3R48pQeCVxjrCcz1BIlKLTai5UosiedazW7JbXAvgXdSNizYG7ITlAQ==}
    engines: {node: '>=14.21.3'}
    cpu: [arm64]
    os: [darwin]

  '@biomejs/cli-darwin-x64@2.0.0-beta.1':
    resolution: {integrity: sha512-sTzSshkne7HKZFNfiIhmAji7gjtCBXvkTujZELCZWIZC7oj1Tjw/gvAzbdFj2UyHd5/i90pND4ybFOLQZm9gpg==}
    engines: {node: '>=14.21.3'}
    cpu: [x64]
    os: [darwin]

  '@biomejs/cli-linux-arm64-musl@2.0.0-beta.1':
    resolution: {integrity: sha512-0MPUKzz9uBBxAYSJ+OlFi4+yGwiRcZeFqq39H0MxXCQ9MMpKJFH2Ek72fw8sXwG7Prn7EsW/3u1b7najyn1XGQ==}
    engines: {node: '>=14.21.3'}
    cpu: [arm64]
    os: [linux]

  '@biomejs/cli-linux-arm64@2.0.0-beta.1':
    resolution: {integrity: sha512-bxce2O4nooBmp20Ey0+IFIZyy/b0RVnciIQk9euCfAi9evq7SvFtMBYo3YUZej0KIvrau5H7tJk5OqmRJk2l+g==}
    engines: {node: '>=14.21.3'}
    cpu: [arm64]
    os: [linux]

  '@biomejs/cli-linux-x64-musl@2.0.0-beta.1':
    resolution: {integrity: sha512-dFvisnP1hFpVILNw0PZfs8piBwe8+aykO04Tb/4AJDVVzKkGgJfwSefwo4jqzO/Wk/Zruvhcp1nKbjgRXM+vDg==}
    engines: {node: '>=14.21.3'}
    cpu: [x64]
    os: [linux]

  '@biomejs/cli-linux-x64@2.0.0-beta.1':
    resolution: {integrity: sha512-6P/AtJv4hOH8mu8ez0c4UInUpiet9NEoF25+O7OPyb4w6ZHJMp2qzvayJS7TKrTQzE5KUvSiNsACGRz34DzUkg==}
    engines: {node: '>=14.21.3'}
    cpu: [x64]
    os: [linux]

  '@biomejs/cli-win32-arm64@2.0.0-beta.1':
    resolution: {integrity: sha512-0C9YSqWHf2cJGnjKDbLi49xv6H9IfqbDsFav7X557PqwY64O6IKWqcmZzi/PkDFHjQM9opU6uhKapeGKGDxziQ==}
    engines: {node: '>=14.21.3'}
    cpu: [arm64]
    os: [win32]

  '@biomejs/cli-win32-x64@2.0.0-beta.1':
    resolution: {integrity: sha512-o8W6+DX0YRjt1kS8Y3ismq6EkjwiVDv7X0TEpfnFywoVG8HoJ7G7/m9r8LM1yE46WI3maPH2A0MoVpQ1ZNG++A==}
    engines: {node: '>=14.21.3'}
    cpu: [x64]
    os: [win32]

  '@types/bun@1.2.9':
    resolution: {integrity: sha512-epShhLGQYc4Bv/aceHbmBhOz1XgUnuTZgcxjxk+WXwNyDXavv5QHD1QEFV0FwbTSQtNq6g4ZcV6y0vZakTjswg==}

  '@types/node@22.14.0':
    resolution: {integrity: sha512-Kmpl+z84ILoG+3T/zQFyAJsU6EPTmOCj8/2+83fSN6djd6I4o7uOuGIH6vq3PrjY5BGitSbFuMN18j3iknubbA==}

  '@types/ws@8.18.1':
    resolution: {integrity: sha512-ThVF6DCVhA8kUGy+aazFQ4kXQ7E1Ty7A3ypFOe0IcJV8O/M511G99AW24irKrW56Wt44yG9+ij8FaqoBGkuBXg==}

  bun-types@1.2.9:
    resolution: {integrity: sha512-dk/kOEfQbajENN/D6FyiSgOKEuUi9PWfqKQJEgwKrCMWbjS/S6tEXp178mWvWAcUSYm9ArDlWHZKO3T/4cLXiw==}

  typescript@5.8.3:
    resolution: {integrity: sha512-p1diW6TqL9L07nNxvRMM7hMMw4c5XOo/1ibL4aAIGmSAt9slTE1Xgw5KWuof2uTOvCg9BY7ZRi+GaF+7sfgPeQ==}
    engines: {node: '>=14.17'}
    hasBin: true

  undici-types@6.21.0:
    resolution: {integrity: sha512-iwDZqg0QAGrg9Rav5H4n0M64c3mkR59cJ6wQp+7C4nI0gsmExaedaYLNO44eT4AtBBwjbTiGPMlt2Md0T9H9JQ==}

snapshots:

  '@biomejs/biome@2.0.0-beta.1':
    optionalDependencies:
      '@biomejs/cli-darwin-arm64': 2.0.0-beta.1
      '@biomejs/cli-darwin-x64': 2.0.0-beta.1
      '@biomejs/cli-linux-arm64': 2.0.0-beta.1
      '@biomejs/cli-linux-arm64-musl': 2.0.0-beta.1
      '@biomejs/cli-linux-x64': 2.0.0-beta.1
      '@biomejs/cli-linux-x64-musl': 2.0.0-beta.1
      '@biomejs/cli-win32-arm64': 2.0.0-beta.1
      '@biomejs/cli-win32-x64': 2.0.0-beta.1

  '@biomejs/cli-darwin-arm64@2.0.0-beta.1':
    optional: true

  '@biomejs/cli-darwin-x64@2.0.0-beta.1':
    optional: true

  '@biomejs/cli-linux-arm64-musl@2.0.0-beta.1':
    optional: true

  '@biomejs/cli-linux-arm64@2.0.0-beta.1':
    optional: true

  '@biomejs/cli-linux-x64-musl@2.0.0-beta.1':
    optional: true

  '@biomejs/cli-linux-x64@2.0.0-beta.1':
    optional: true

  '@biomejs/cli-win32-arm64@2.0.0-beta.1':
    optional: true

  '@biomejs/cli-win32-x64@2.0.0-beta.1':
    optional: true

  '@types/bun@1.2.9':
    dependencies:
      bun-types: 1.2.9

  '@types/node@22.14.0':
    dependencies:
      undici-types: 6.21.0

  '@types/ws@8.18.1':
    dependencies:
      '@types/node': 22.14.0

  bun-types@1.2.9:
    dependencies:
      '@types/node': 22.14.0
      '@types/ws': 8.18.1

  typescript@5.8.3: {}

  undici-types@6.21.0: {}
